
Microsoft Visual Studio Solution File, Format Version 12.00
# Visual Studio 15
VisualStudioVersion = 15.0.28010.2050
MinimumVisualStudioVersion = 10.0.40219.1
Project("{FAE04EC0-301F-11D3-BF4B-00C04F79EFBC}") = "CarShop", "CarShop\CarShop.csproj", "{255EC716-1FDF-441A-B6FA-AFA4ED0C880C}"
EndProject
Global
	GlobalSection(SolutionConfigurationPlatforms) = preSolution
		Debug|Any CPU = Debug|Any CPU
		Release|Any CPU = Release|Any CPU
	EndGlobalSection
	GlobalSection(ProjectConfigurationPlatforms) = postSolution
		{255EC716-1FDF-441A-B6FA-AFA4ED0C880C}.Debug|Any CPU.ActiveCfg = Debug|Any CPU
		{255EC716-1FDF-441A-B6FA-AFA4ED0C880C}.Debug|Any CPU.Build.0 = Debug|Any CPU
		{255EC716-1FDF-441A-B6FA-AFA4ED0C880C}.Release|Any CPU.ActiveCfg = Release|Any CPU
		{255EC716-1FDF-441A-B6FA-AFA4ED0C880C}.Release|Any CPU.Build.0 = Release|Any CPU
	EndGlobalSection
	GlobalSection(SolutionProperties) = preSolution
		HideSolutionNode = FALSE
	EndGlobalSection
	GlobalSection(ExtensibilityGlobals) = postSolution
		SolutionGuid = {A31EC7DF-D007-4ED6-B97F-06659BE8F58B}
	EndGlobalSection
EndGlobal
